{
  "nodes": {
    "home-manager": {
      "inputs": {
        "nixpkgs": [
          "nixpkgs"
        ]
      },
      "locked": {
        "lastModified": 1749400020,
        "narHash": "sha256-0nTmHO8AYgRYk5v6zw5oZ3x9nh+feb+Isn7WNe318M0=",
        "owner": "nix-community",
        "repo": "home-manager",
        "rev": "2835e8ba0ad99ba86d4a5e497a962ec9fa35e48f",
        "type": "github"
      },
      "original": {
        "owner": "nix-community",
        "repo": "home-manager",
        "type": "github"
      }
    },
    "nixpkgs": {
      "locked": {
        "lastModified": 1749285348,
        "narHash": "sha256-frdhQvPbmDYaScPFiCnfdh3B/Vh81Uuoo0w5TkWmmjU=",
        "owner": "nixos",
        "repo": "nixpkgs",
        "rev": "3e3afe5174c561dee0df6f2c2b2236990146329f",
        "type": "github"
      },
      "original": {
        "owner": "nixos",
        "ref": "nixos-unstable",
        "repo": "nixpkgs",
        "type": "github"
      }
    },
    "pomodoro": {
      "inputs": {
        "nixpkgs": [
          "nixpkgs"
        ]
      },
      "locked": {
        "lastModified": 1744053501,
        "narHash": "sha256-OiyJmFK90AunQ6V8WzvPGJBCnFdB+xMoR7RSWL3c1rY=",
        "owner": "jonwin1",
        "repo": "go-pomodoro",
        "rev": "d491159dc4c3ed280f5e93abf0fec982b372bd49",
        "type": "github"
      },
      "original": {
        "owner": "jonwin1",
        "repo": "go-pomodoro",
        "type": "github"
      }
    },
    "root": {
      "inputs": {
        "home-manager": "home-manager",
        "nixpkgs": "nixpkgs",
        "pomodoro": "pomodoro"
      }
    }
  },
  "root": "root",
  "version": 7
}
